// !$*UTF8*$!
{
	archiveVersion = 1;
	classes = {
	};
	objectVersion = 51;
	objects = {

/* Begin PBXBuildFile section */
		5525BE26262B24E0002F7A25 /* AppDelegate.swift in Sources */ = {isa = PBXBuildFile; fileRef = 5525BE25262B24E0002F7A25 /* AppDelegate.swift */; };
		5525BE28262B24E0002F7A25 /* SceneDelegate.swift in Sources */ = {isa = PBXBuildFile; fileRef = 5525BE27262B24E0002F7A25 /* SceneDelegate.swift */; };
		5525BE2A262B24E0002F7A25 /* LoginVC.swift in Sources */ = {isa = PBXBuildFile; fileRef = 5525BE29262B24E0002F7A25 /* LoginVC.swift */; };
		5525BE2D262B24E0002F7A25 /* Main.storyboard in Resources */ = {isa = PBXBuildFile; fileRef = 5525BE2B262B24E0002F7A25 /* Main.storyboard */; };
		5525BE30262B24E0002F7A25 /* jogoDaVelha.xcdatamodeld in Sources */ = {isa = PBXBuildFile; fileRef = 5525BE2E262B24E0002F7A25 /* jogoDaVelha.xcdatamodeld */; };
		5525BE32262B24E1002F7A25 /* Assets.xcassets in Resources */ = {isa = PBXBuildFile; fileRef = 5525BE31262B24E1002F7A25 /* Assets.xcassets */; };
		5525BE35262B24E1002F7A25 /* LaunchScreen.storyboard in Resources */ = {isa = PBXBuildFile; fileRef = 5525BE33262B24E1002F7A25 /* LaunchScreen.storyboard */; };
		552790F226A195B000BE6F7E /* UIFont+Extension.swift in Sources */ = {isa = PBXBuildFile; fileRef = 552790F126A195B000BE6F7E /* UIFont+Extension.swift */; };
		552790F726A196AB00BE6F7E /* Localizable.strings in Resources */ = {isa = PBXBuildFile; fileRef = 552790F926A196AB00BE6F7E /* Localizable.strings */; };
		5539B76F264FFE4F0024C9A6 /* HomeView.swift in Sources */ = {isa = PBXBuildFile; fileRef = 5539B76E264FFE4F0024C9A6 /* HomeView.swift */; };
		5539B771264FFE5D0024C9A6 /* HomeVC.swift in Sources */ = {isa = PBXBuildFile; fileRef = 5539B770264FFE5D0024C9A6 /* HomeVC.swift */; };
		55C2389126796A8B00B82BE3 /* StartVC.swift in Sources */ = {isa = PBXBuildFile; fileRef = 55C2389026796A8B00B82BE3 /* StartVC.swift */; };
		55C2389326796AD100B82BE3 /* StartView.swift in Sources */ = {isa = PBXBuildFile; fileRef = 55C2389226796AD100B82BE3 /* StartView.swift */; };
		55E30F3C262B3BBB0046D9BC /* LoginView.swift in Sources */ = {isa = PBXBuildFile; fileRef = 55E30F3B262B3BBB0046D9BC /* LoginView.swift */; };
		55FCB1C82640CB3F0089B4B8 /* UIColor+Extension.swift in Sources */ = {isa = PBXBuildFile; fileRef = 55FCB1C72640CB3F0089B4B8 /* UIColor+Extension.swift */; };
		55FCB1CA2640CB9E0089B4B8 /* Strings+Extension.swift in Sources */ = {isa = PBXBuildFile; fileRef = 55FCB1C92640CB9E0089B4B8 /* Strings+Extension.swift */; };
		55FCB1CC2640CBC00089B4B8 /* CardView.swift in Sources */ = {isa = PBXBuildFile; fileRef = 55FCB1CB2640CBC00089B4B8 /* CardView.swift */; };
		55FCB1CE2640CBDB0089B4B8 /* FALSpinner.swift in Sources */ = {isa = PBXBuildFile; fileRef = 55FCB1CD2640CBDB0089B4B8 /* FALSpinner.swift */; };
		55FCB1D02640CBEA0089B4B8 /* GenericAlert.swift in Sources */ = {isa = PBXBuildFile; fileRef = 55FCB1CF2640CBEA0089B4B8 /* GenericAlert.swift */; };
		563A110F7225B1DEEA67DBD7 /* Pods_jogoDaVelha.framework in Frameworks */ = {isa = PBXBuildFile; fileRef = C8A8783D282829E3967DC7E0 /* Pods_jogoDaVelha.framework */; };
/* End PBXBuildFile section */

/* Begin PBXFileReference section */
		5525BE22262B24E0002F7A25 /* jogoDaVelha.app */ = {isa = PBXFileReference; explicitFileType = wrapper.application; includeInIndex = 0; path = jogoDaVelha.app; sourceTree = BUILT_PRODUCTS_DIR; };
		5525BE25262B24E0002F7A25 /* AppDelegate.swift */ = {isa = PBXFileReference; lastKnownFileType = sourcecode.swift; path = AppDelegate.swift; sourceTree = "<group>"; };
		5525BE27262B24E0002F7A25 /* SceneDelegate.swift */ = {isa = PBXFileReference; lastKnownFileType = sourcecode.swift; path = SceneDelegate.swift; sourceTree = "<group>"; };
		5525BE29262B24E0002F7A25 /* LoginVC.swift */ = {isa = PBXFileReference; lastKnownFileType = sourcecode.swift; path = LoginVC.swift; sourceTree = "<group>"; };
		5525BE2C262B24E0002F7A25 /* Base */ = {isa = PBXFileReference; lastKnownFileType = file.storyboard; name = Base; path = Base.lproj/Main.storyboard; sourceTree = "<group>"; };
		5525BE2F262B24E0002F7A25 /* jogoDaVelha.xcdatamodel */ = {isa = PBXFileReference; lastKnownFileType = wrapper.xcdatamodel; path = jogoDaVelha.xcdatamodel; sourceTree = "<group>"; };
		5525BE31262B24E1002F7A25 /* Assets.xcassets */ = {isa = PBXFileReference; lastKnownFileType = folder.assetcatalog; path = Assets.xcassets; sourceTree = "<group>"; };
		5525BE34262B24E1002F7A25 /* Base */ = {isa = PBXFileReference; lastKnownFileType = file.storyboard; name = Base; path = Base.lproj/LaunchScreen.storyboard; sourceTree = "<group>"; };
		5525BE36262B24E1002F7A25 /* Info.plist */ = {isa = PBXFileReference; lastKnownFileType = text.plist.xml; path = Info.plist; sourceTree = "<group>"; };
		552790F126A195B000BE6F7E /* UIFont+Extension.swift */ = {isa = PBXFileReference; lastKnownFileType = sourcecode.swift; path = "UIFont+Extension.swift"; sourceTree = "<group>"; };
		552790F826A196AB00BE6F7E /* en */ = {isa = PBXFileReference; lastKnownFileType = text.plist.strings; name = en; path = en.lproj/Localizable.strings; sourceTree = "<group>"; };
		552790FA26A196C800BE6F7E /* pt-BR */ = {isa = PBXFileReference; lastKnownFileType = text.plist.strings; name = "pt-BR"; path = "pt-BR.lproj/Localizable.strings"; sourceTree = "<group>"; };
		5539B76E264FFE4F0024C9A6 /* HomeView.swift */ = {isa = PBXFileReference; lastKnownFileType = sourcecode.swift; path = HomeView.swift; sourceTree = "<group>"; };
		5539B770264FFE5D0024C9A6 /* HomeVC.swift */ = {isa = PBXFileReference; lastKnownFileType = sourcecode.swift; path = HomeVC.swift; sourceTree = "<group>"; };
		55C2389026796A8B00B82BE3 /* StartVC.swift */ = {isa = PBXFileReference; lastKnownFileType = sourcecode.swift; path = StartVC.swift; sourceTree = "<group>"; };
		55C2389226796AD100B82BE3 /* StartView.swift */ = {isa = PBXFileReference; lastKnownFileType = sourcecode.swift; path = StartView.swift; sourceTree = "<group>"; };
		55E30F3B262B3BBB0046D9BC /* LoginView.swift */ = {isa = PBXFileReference; lastKnownFileType = sourcecode.swift; path = LoginView.swift; sourceTree = "<group>"; };
		55FCB1C72640CB3F0089B4B8 /* UIColor+Extension.swift */ = {isa = PBXFileReference; lastKnownFileType = sourcecode.swift; path = "UIColor+Extension.swift"; sourceTree = "<group>"; };
		55FCB1C92640CB9E0089B4B8 /* Strings+Extension.swift */ = {isa = PBXFileReference; lastKnownFileType = sourcecode.swift; path = "Strings+Extension.swift"; sourceTree = "<group>"; };
		55FCB1CB2640CBC00089B4B8 /* CardView.swift */ = {isa = PBXFileReference; lastKnownFileType = sourcecode.swift; path = CardView.swift; sourceTree = "<group>"; };
		55FCB1CD2640CBDB0089B4B8 /* FALSpinner.swift */ = {isa = PBXFileReference; lastKnownFileType = sourcecode.swift; path = FALSpinner.swift; sourceTree = "<group>"; };
		55FCB1CF2640CBEA0089B4B8 /* GenericAlert.swift */ = {isa = PBXFileReference; lastKnownFileType = sourcecode.swift; path = GenericAlert.swift; sourceTree = "<group>"; };
		72636415C14C9C19105DCAA0 /* Pods-jogoDaVelha.debug.xcconfig */ = {isa = PBXFileReference; includeInIndex = 1; lastKnownFileType = text.xcconfig; name = "Pods-jogoDaVelha.debug.xcconfig"; path = "Target Support Files/Pods-jogoDaVelha/Pods-jogoDaVelha.debug.xcconfig"; sourceTree = "<group>"; };
		8CE081C3D1A8378AED79CC89 /* Pods-jogoDaVelha.release.xcconfig */ = {isa = PBXFileReference; includeInIndex = 1; lastKnownFileType = text.xcconfig; name = "Pods-jogoDaVelha.release.xcconfig"; path = "Target Support Files/Pods-jogoDaVelha/Pods-jogoDaVelha.release.xcconfig"; sourceTree = "<group>"; };
		C8A8783D282829E3967DC7E0 /* Pods_jogoDaVelha.framework */ = {isa = PBXFileReference; explicitFileType = wrapper.framework; includeInIndex = 0; path = Pods_jogoDaVelha.framework; sourceTree = BUILT_PRODUCTS_DIR; };
/* End PBXFileReference section */

/* Begin PBXFrameworksBuildPhase section */
		5525BE1F262B24E0002F7A25 /* Frameworks */ = {
			isa = PBXFrameworksBuildPhase;
			buildActionMask = 2147483647;
			files = (
				563A110F7225B1DEEA67DBD7 /* Pods_jogoDaVelha.framework in Frameworks */,
			);
			runOnlyForDeploymentPostprocessing = 0;
		};
/* End PBXFrameworksBuildPhase section */

/* Begin PBXGroup section */
		5525BE19262B24E0002F7A25 = {
			isa = PBXGroup;
			children = (
				5525BE24262B24E0002F7A25 /* jogoDaVelha */,
				5525BE23262B24E0002F7A25 /* Products */,
				5F0EB9460A7EB1AAA9756283 /* Pods */,
				AC9A84C0CD7D7110E40A25B3 /* Frameworks */,
			);
			sourceTree = "<group>";
		};
		5525BE23262B24E0002F7A25 /* Products */ = {
			isa = PBXGroup;
			children = (
				5525BE22262B24E0002F7A25 /* jogoDaVelha.app */,
			);
			name = Products;
			sourceTree = "<group>";
		};
		5525BE24262B24E0002F7A25 /* jogoDaVelha */ = {
			isa = PBXGroup;
			children = (
				5525BE25262B24E0002F7A25 /* AppDelegate.swift */,
				5525BE27262B24E0002F7A25 /* SceneDelegate.swift */,
				552790F426A1968100BE6F7E /* Translate */,
				55FCB1C32640B6600089B4B8 /* Extensions */,
				55AECCC3262F903900C880B9 /* Resources */,
				55E30F3F262B9B990046D9BC /* Components */,
				55E30F40262B9BA20046D9BC /* Models */,
				55AECCC2262F900B00C880B9 /* Controllers */,
				55E30F3E262B9B910046D9BC /* Views */,
			);
			path = jogoDaVelha;
			sourceTree = "<group>";
		};
		552790F426A1968100BE6F7E /* Translate */ = {
			isa = PBXGroup;
			children = (
				552790F926A196AB00BE6F7E /* Localizable.strings */,
			);
			path = Translate;
			sourceTree = "<group>";
		};
		55AECCC2262F900B00C880B9 /* Controllers */ = {
			isa = PBXGroup;
			children = (
				5525BE29262B24E0002F7A25 /* LoginVC.swift */,
				5539B770264FFE5D0024C9A6 /* HomeVC.swift */,
				55C2389026796A8B00B82BE3 /* StartVC.swift */,
			);
			path = Controllers;
			sourceTree = "<group>";
		};
		55AECCC3262F903900C880B9 /* Resources */ = {
			isa = PBXGroup;
			children = (
				5525BE31262B24E1002F7A25 /* Assets.xcassets */,
				5525BE36262B24E1002F7A25 /* Info.plist */,
			);
			path = Resources;
			sourceTree = "<group>";
		};
		55E30F3E262B9B910046D9BC /* Views */ = {
			isa = PBXGroup;
			children = (
				5525BE33262B24E1002F7A25 /* LaunchScreen.storyboard */,
				5525BE2B262B24E0002F7A25 /* Main.storyboard */,
				55E30F3B262B3BBB0046D9BC /* LoginView.swift */,
				5539B76E264FFE4F0024C9A6 /* HomeView.swift */,
				55C2389226796AD100B82BE3 /* StartView.swift */,
			);
			path = Views;
			sourceTree = "<group>";
		};
		55E30F3F262B9B990046D9BC /* Components */ = {
			isa = PBXGroup;
			children = (
				55FCB1CB2640CBC00089B4B8 /* CardView.swift */,
				55FCB1CD2640CBDB0089B4B8 /* FALSpinner.swift */,
				55FCB1CF2640CBEA0089B4B8 /* GenericAlert.swift */,
			);
			path = Components;
			sourceTree = "<group>";
		};
		55E30F40262B9BA20046D9BC /* Models */ = {
			isa = PBXGroup;
			children = (
				5525BE2E262B24E0002F7A25 /* jogoDaVelha.xcdatamodeld */,
			);
			path = Models;
			sourceTree = "<group>";
		};
		55FCB1C32640B6600089B4B8 /* Extensions */ = {
			isa = PBXGroup;
			children = (
				55FCB1C72640CB3F0089B4B8 /* UIColor+Extension.swift */,
				55FCB1C92640CB9E0089B4B8 /* Strings+Extension.swift */,
				552790F126A195B000BE6F7E /* UIFont+Extension.swift */,
			);
			path = Extensions;
			sourceTree = "<group>";
		};
		5F0EB9460A7EB1AAA9756283 /* Pods */ = {
			isa = PBXGroup;
			children = (
				72636415C14C9C19105DCAA0 /* Pods-jogoDaVelha.debug.xcconfig */,
				8CE081C3D1A8378AED79CC89 /* Pods-jogoDaVelha.release.xcconfig */,
			);
			path = Pods;
			sourceTree = "<group>";
		};
		AC9A84C0CD7D7110E40A25B3 /* Frameworks */ = {
			isa = PBXGroup;
			children = (
				C8A8783D282829E3967DC7E0 /* Pods_jogoDaVelha.framework */,
			);
			name = Frameworks;
			sourceTree = "<group>";
		};
/* End PBXGroup section */

/* Begin PBXNativeTarget section */
		5525BE21262B24E0002F7A25 /* jogoDaVelha */ = {
			isa = PBXNativeTarget;
			buildConfigurationList = 5525BE39262B24E1002F7A25 /* Build configuration list for PBXNativeTarget "jogoDaVelha" */;
			buildPhases = (
				5A27B42825C8D132F9D3B7A0 /* [CP] Check Pods Manifest.lock */,
				5525BE1E262B24E0002F7A25 /* Sources */,
				5525BE1F262B24E0002F7A25 /* Frameworks */,
				5525BE20262B24E0002F7A25 /* Resources */,
				4B1836B188269E87FE1483F0 /* [CP] Embed Pods Frameworks */,
			);
			buildRules = (
			);
			dependencies = (
			);
			name = jogoDaVelha;
			productName = jogoDaVelha;
			productReference = 5525BE22262B24E0002F7A25 /* jogoDaVelha.app */;
			productType = "com.apple.product-type.application";
		};
/* End PBXNativeTarget section */

/* Begin PBXProject section */
		5525BE1A262B24E0002F7A25 /* Project object */ = {
			isa = PBXProject;
			attributes = {
				LastSwiftUpdateCheck = 1240;
				LastUpgradeCheck = 1240;
				TargetAttributes = {
					5525BE21262B24E0002F7A25 = {
						CreatedOnToolsVersion = 12.4;
					};
				};
			};
			buildConfigurationList = 5525BE1D262B24E0002F7A25 /* Build configuration list for PBXProject "jogoDaVelha" */;
			compatibilityVersion = "Xcode 9.3";
			developmentRegion = en;
			hasScannedForEncodings = 0;
			knownRegions = (
				en,
				Base,
				"pt-BR",
			);
			mainGroup = 5525BE19262B24E0002F7A25;
			productRefGroup = 5525BE23262B24E0002F7A25 /* Products */;
			projectDirPath = "";
			projectRoot = "";
			targets = (
				5525BE21262B24E0002F7A25 /* jogoDaVelha */,
			);
		};
/* End PBXProject section */

/* Begin PBXResourcesBuildPhase section */
		5525BE20262B24E0002F7A25 /* Resources */ = {
			isa = PBXResourcesBuildPhase;
			buildActionMask = 2147483647;
			files = (
				5525BE35262B24E1002F7A25 /* LaunchScreen.storyboard in Resources */,
				552790F726A196AB00BE6F7E /* Localizable.strings in Resources */,
				5525BE32262B24E1002F7A25 /* Assets.xcassets in Resources */,
				5525BE2D262B24E0002F7A25 /* Main.storyboard in Resources */,
			);
			runOnlyForDeploymentPostprocessing = 0;
		};
/* End PBXResourcesBuildPhase section */

/* Begin PBXShellScriptBuildPhase section */
		4B1836B188269E87FE1483F0 /* [CP] Embed Pods Frameworks */ = {
			isa = PBXShellScriptBuildPhase;
			buildActionMask = 2147483647;
			files = (
			);
			inputFileListPaths = (
				"${PODS_ROOT}/Target Support Files/Pods-jogoDaVelha/Pods-jogoDaVelha-frameworks-${CONFIGURATION}-input-files.xcfilelist",
			);
			name = "[CP] Embed Pods Frameworks";
			outputFileListPaths = (
				"${PODS_ROOT}/Target Support Files/Pods-jogoDaVelha/Pods-jogoDaVelha-frameworks-${CONFIGURATION}-output-files.xcfilelist",
			);
			runOnlyForDeploymentPostprocessing = 0;
			shellPath = /bin/sh;
			shellScript = "\"${PODS_ROOT}/Target Support Files/Pods-jogoDaVelha/Pods-jogoDaVelha-frameworks.sh\"\n";
			showEnvVarsInLog = 0;
		};
		5A27B42825C8D132F9D3B7A0 /* [CP] Check Pods Manifest.lock */ = {
			isa = PBXShellScriptBuildPhase;
			buildActionMask = 2147483647;
			files = (
			);
			inputFileListPaths = (
			);
			inputPaths = (
				"${PODS_PODFILE_DIR_PATH}/Podfile.lock",
				"${PODS_ROOT}/Manifest.lock",
			);
			name = "[CP] Check Pods Manifest.lock";
			outputFileListPaths = (
			);
			outputPaths = (
				"$(DERIVED_FILE_DIR)/Pods-jogoDaVelha-checkManifestLockResult.txt",
			);
			runOnlyForDeploymentPostprocessing = 0;
			shellPath = /bin/sh;
			shellScript = "diff \"${PODS_PODFILE_DIR_PATH}/Podfile.lock\" \"${PODS_ROOT}/Manifest.lock\" > /dev/null\nif [ $? != 0 ] ; then\n    # print error to STDERR\n    echo \"error: The sandbox is not in sync with the Podfile.lock. Run 'pod install' or update your CocoaPods installation.\" >&2\n    exit 1\nfi\n# This output is used by Xcode 'outputs' to avoid re-running this script phase.\necho \"SUCCESS\" > \"${SCRIPT_OUTPUT_FILE_0}\"\n";
			showEnvVarsInLog = 0;
		};
/* End PBXShellScriptBuildPhase section */

/* Begin PBXSourcesBuildPhase section */
		5525BE1E262B24E0002F7A25 /* Sources */ = {
			isa = PBXSourcesBuildPhase;
			buildActionMask = 2147483647;
			files = (
				55FCB1C82640CB3F0089B4B8 /* UIColor+Extension.swift in Sources */,
				55FCB1CC2640CBC00089B4B8 /* CardView.swift in Sources */,
				5525BE30262B24E0002F7A25 /* jogoDaVelha.xcdatamodeld in Sources */,
				552790F226A195B000BE6F7E /* UIFont+Extension.swift in Sources */,
				5539B771264FFE5D0024C9A6 /* HomeVC.swift in Sources */,
				5525BE2A262B24E0002F7A25 /* LoginVC.swift in Sources */,
				55C2389326796AD100B82BE3 /* StartView.swift in Sources */,
				55FCB1CA2640CB9E0089B4B8 /* Strings+Extension.swift in Sources */,
				55FCB1D02640CBEA0089B4B8 /* GenericAlert.swift in Sources */,
				5525BE26262B24E0002F7A25 /* AppDelegate.swift in Sources */,
				55FCB1CE2640CBDB0089B4B8 /* FALSpinner.swift in Sources */,
				5539B76F264FFE4F0024C9A6 /* HomeView.swift in Sources */,
				55C2389126796A8B00B82BE3 /* StartVC.swift in Sources */,
				55E30F3C262B3BBB0046D9BC /* LoginView.swift in Sources */,
				5525BE28262B24E0002F7A25 /* SceneDelegate.swift in Sources */,
			);
			runOnlyForDeploymentPostprocessing = 0;
		};
/* End PBXSourcesBuildPhase section */

/* Begin PBXVariantGroup section */
		5525BE2B262B24E0002F7A25 /* Main.storyboard */ = {
			isa = PBXVariantGroup;
			children = (
				5525BE2C262B24E0002F7A25 /* Base */,
			);
			name = Main.storyboard;
			sourceTree = "<group>";
		};
		5525BE33262B24E1002F7A25 /* LaunchScreen.storyboard */ = {
			isa = PBXVariantGroup;
			children = (
				5525BE34262B24E1002F7A25 /* Base */,
			);
			name = LaunchScreen.storyboard;
			sourceTree = "<group>";
		};
		552790F926A196AB00BE6F7E /* Localizable.strings */ = {
			isa = PBXVariantGroup;
			children = (
				552790F826A196AB00BE6F7E /* en */,
				552790FA26A196C800BE6F7E /* pt-BR */,
			);
			name = Localizable.strings;
			sourceTree = "<group>";
		};
/* End PBXVariantGroup section */

/* Begin XCBuildConfiguration section */
		5525BE37262B24E1002F7A25 /* Debug */ = {
			isa = XCBuildConfiguration;
			buildSettings = {
				ALWAYS_SEARCH_USER_PATHS = NO;
				CLANG_ANALYZER_LOCALIZABILITY_NONLOCALIZED = YES;
				CLANG_ANALYZER_NONNULL = YES;
				CLANG_ANALYZER_NUMBER_OBJECT_CONVERSION = YES_AGGRESSIVE;
				CLANG_CXX_LANGUAGE_STANDARD = "gnu++14";
				CLANG_CXX_LIBRARY = "libc++";
				CLANG_ENABLE_MODULES = YES;
				CLANG_ENABLE_OBJC_ARC = YES;
				CLANG_ENABLE_OBJC_WEAK = YES;
				CLANG_WARN_BLOCK_CAPTURE_AUTORELEASING = YES;
				CLANG_WARN_BOOL_CONVERSION = YES;
				CLANG_WARN_COMMA = YES;
				CLANG_WARN_CONSTANT_CONVERSION = YES;
				CLANG_WARN_DEPRECATED_OBJC_IMPLEMENTATIONS = YES;
				CLANG_WARN_DIRECT_OBJC_ISA_USAGE = YES_ERROR;
				CLANG_WARN_DOCUMENTATION_COMMENTS = YES;
				CLANG_WARN_EMPTY_BODY = YES;
				CLANG_WARN_ENUM_CONVERSION = YES;
				CLANG_WARN_INFINITE_RECURSION = YES;
				CLANG_WARN_INT_CONVERSION = YES;
				CLANG_WARN_NON_LITERAL_NULL_CONVERSION = YES;
				CLANG_WARN_OBJC_IMPLICIT_RETAIN_SELF = YES;
				CLANG_WARN_OBJC_LITERAL_CONVERSION = YES;
				CLANG_WARN_OBJC_ROOT_CLASS = YES_ERROR;
				CLANG_WARN_QUOTED_INCLUDE_IN_FRAMEWORK_HEADER = YES;
				CLANG_WARN_RANGE_LOOP_ANALYSIS = YES;
				CLANG_WARN_STRICT_PROTOTYPES = YES;
				CLANG_WARN_SUSPICIOUS_MOVE = YES;
				CLANG_WARN_UNGUARDED_AVAILABILITY = YES_AGGRESSIVE;
				CLANG_WARN_UNREACHABLE_CODE = YES;
				CLANG_WARN__DUPLICATE_METHOD_MATCH = YES;
				COPY_PHASE_STRIP = NO;
				DEBUG_INFORMATION_FORMAT = dwarf;
				ENABLE_STRICT_OBJC_MSGSEND = YES;
				ENABLE_TESTABILITY = YES;
				GCC_C_LANGUAGE_STANDARD = gnu11;
				GCC_DYNAMIC_NO_PIC = NO;
				GCC_NO_COMMON_BLOCKS = YES;
				GCC_OPTIMIZATION_LEVEL = 0;
				GCC_PREPROCESSOR_DEFINITIONS = (
					"DEBUG=1",
					"$(inherited)",
				);
				GCC_WARN_64_TO_32_BIT_CONVERSION = YES;
				GCC_WARN_ABOUT_RETURN_TYPE = YES_ERROR;
				GCC_WARN_UNDECLARED_SELECTOR = YES;
				GCC_WARN_UNINITIALIZED_AUTOS = YES_AGGRESSIVE;
				GCC_WARN_UNUSED_FUNCTION = YES;
				GCC_WARN_UNUSED_VARIABLE = YES;
				IPHONEOS_DEPLOYMENT_TARGET = 14.4;
				MTL_ENABLE_DEBUG_INFO = INCLUDE_SOURCE;
				MTL_FAST_MATH = YES;
				ONLY_ACTIVE_ARCH = YES;
				SDKROOT = iphoneos;
				SWIFT_ACTIVE_COMPILATION_CONDITIONS = DEBUG;
				SWIFT_OPTIMIZATION_LEVEL = "-Onone";
			};
			name = Debug;
		};
		5525BE38262B24E1002F7A25 /* Release */ = {
			isa = XCBuildConfiguration;
			buildSettings = {
				ALWAYS_SEARCH_USER_PATHS = NO;
				CLANG_ANALYZER_LOCALIZABILITY_NONLOCALIZED = YES;
				CLANG_ANALYZER_NONNULL = YES;
				CLANG_ANALYZER_NUMBER_OBJECT_CONVERSION = YES_AGGRESSIVE;
				CLANG_CXX_LANGUAGE_STANDARD = "gnu++14";
				CLANG_CXX_LIBRARY = "libc++";
				CLANG_ENABLE_MODULES = YES;
				CLANG_ENABLE_OBJC_ARC = YES;
				CLANG_ENABLE_OBJC_WEAK = YES;
				CLANG_WARN_BLOCK_CAPTURE_AUTORELEASING = YES;
				CLANG_WARN_BOOL_CONVERSION = YES;
				CLANG_WARN_COMMA = YES;
				CLANG_WARN_CONSTANT_CONVERSION = YES;
				CLANG_WARN_DEPRECATED_OBJC_IMPLEMENTATIONS = YES;
				CLANG_WARN_DIRECT_OBJC_ISA_USAGE = YES_ERROR;
				CLANG_WARN_DOCUMENTATION_COMMENTS = YES;
				CLANG_WARN_EMPTY_BODY = YES;
				CLANG_WARN_ENUM_CONVERSION = YES;
				CLANG_WARN_INFINITE_RECURSION = YES;
				CLANG_WARN_INT_CONVERSION = YES;
				CLANG_WARN_NON_LITERAL_NULL_CONVERSION = YES;
				CLANG_WARN_OBJC_IMPLICIT_RETAIN_SELF = YES;
				CLANG_WARN_OBJC_LITERAL_CONVERSION = YES;
				CLANG_WARN_OBJC_ROOT_CLASS = YES_ERROR;
				CLANG_WARN_QUOTED_INCLUDE_IN_FRAMEWORK_HEADER = YES;
				CLANG_WARN_RANGE_LOOP_ANALYSIS = YES;
				CLANG_WARN_STRICT_PROTOTYPES = YES;
				CLANG_WARN_SUSPICIOUS_MOVE = YES;
				CLANG_WARN_UNGUARDED_AVAILABILITY = YES_AGGRESSIVE;
				CLANG_WARN_UNREACHABLE_CODE = YES;
				CLANG_WARN__DUPLICATE_METHOD_MATCH = YES;
				COPY_PHASE_STRIP = NO;
				DEBUG_INFORMATION_FORMAT = "dwarf-with-dsym";
				ENABLE_NS_ASSERTIONS = NO;
				ENABLE_STRICT_OBJC_MSGSEND = YES;
				GCC_C_LANGUAGE_STANDARD = gnu11;
				GCC_NO_COMMON_BLOCKS = YES;
				GCC_WARN_64_TO_32_BIT_CONVERSION = YES;
				GCC_WARN_ABOUT_RETURN_TYPE = YES_ERROR;
				GCC_WARN_UNDECLARED_SELECTOR = YES;
				GCC_WARN_UNINITIALIZED_AUTOS = YES_AGGRESSIVE;
				GCC_WARN_UNUSED_FUNCTION = YES;
				GCC_WARN_UNUSED_VARIABLE = YES;
				IPHONEOS_DEPLOYMENT_TARGET = 14.4;
				MTL_ENABLE_DEBUG_INFO = NO;
				MTL_FAST_MATH = YES;
				SDKROOT = iphoneos;
				SWIFT_COMPILATION_MODE = wholemodule;
				SWIFT_OPTIMIZATION_LEVEL = "-O";
				VALIDATE_PRODUCT = YES;
			};
			name = Release;
		};
		5525BE3A262B24E1002F7A25 /* Debug */ = {
			isa = XCBuildConfiguration;
			baseConfigurationReference = 72636415C14C9C19105DCAA0 /* Pods-jogoDaVelha.debug.xcconfig */;
			buildSettings = {
				ASSETCATALOG_COMPILER_APPICON_NAME = AppIcon;
				ASSETCATALOG_COMPILER_GLOBAL_ACCENT_COLOR_NAME = AccentColor;
				CODE_SIGN_STYLE = Automatic;
				DEVELOPMENT_TEAM = 97AT3DUA4M;
				INFOPLIST_FILE = jogoDaVelha/Resources/Info.plist;
				IPHONEOS_DEPLOYMENT_TARGET = 13.0;
				LD_RUNPATH_SEARCH_PATHS = (
					"$(inherited)",
					"@executable_path/Frameworks",
				);
				PRODUCT_BUNDLE_IDENTIFIER = thiagogaspar.jogoDaVelha;
				PRODUCT_NAME = "$(TARGET_NAME)";
				SWIFT_VERSION = 5.0;
				TARGETED_DEVICE_FAMILY = "1,2";
			};
			name = Debug;
		};
		5525BE3B262B24E1002F7A25 /* Release */ = {
			isa = XCBuildConfiguration;
			baseConfigurationReference = 8CE081C3D1A8378AED79CC89 /* Pods-jogoDaVelha.release.xcconfig */;
			buildSettings = {
				ASSETCATALOG_COMPILER_APPICON_NAME = AppIcon;
				ASSETCATALOG_COMPILER_GLOBAL_ACCENT_COLOR_NAME = AccentColor;
				CODE_SIGN_STYLE = Automatic;
				DEVELOPMENT_TEAM = 97AT3DUA4M;
				INFOPLIST_FILE = jogoDaVelha/Resources/Info.plist;
				IPHONEOS_DEPLOYMENT_TARGET = 13.0;
				LD_RUNPATH_SEARCH_PATHS = (
					"$(inherited)",
					"@executable_path/Frameworks",
				);
				PRODUCT_BUNDLE_IDENTIFIER = thiagogaspar.jogoDaVelha;
				PRODUCT_NAME = "$(TARGET_NAME)";
				SWIFT_VERSION = 5.0;
				TARGETED_DEVICE_FAMILY = "1,2";
			};
			name = Release;
		};
/* End XCBuildConfiguration section */

/* Begin XCConfigurationList section */
		5525BE1D262B24E0002F7A25 /* Build configuration list for PBXProject "jogoDaVelha" */ = {
			isa = XCConfigurationList;
			buildConfigurations = (
				5525BE37262B24E1002F7A25 /* Debug */,
				5525BE38262B24E1002F7A25 /* Release */,
			);
			defaultConfigurationIsVisible = 0;
			defaultConfigurationName = Release;
		};
		5525BE39262B24E1002F7A25 /* Build configuration list for PBXNativeTarget "jogoDaVelha" */ = {
			isa = XCConfigurationList;
			buildConfigurations = (
				5525BE3A262B24E1002F7A25 /* Debug */,
				5525BE3B262B24E1002F7A25 /* Release */,
			);
			defaultConfigurationIsVisible = 0;
			defaultConfigurationName = Release;
		};
/* End XCConfigurationList section */

/* Begin XCVersionGroup section */
		5525BE2E262B24E0002F7A25 /* jogoDaVelha.xcdatamodeld */ = {
			isa = XCVersionGroup;
			children = (
				5525BE2F262B24E0002F7A25 /* jogoDaVelha.xcdatamodel */,
			);
			currentVersion = 5525BE2F262B24E0002F7A25 /* jogoDaVelha.xcdatamodel */;
			path = jogoDaVelha.xcdatamodeld;
			sourceTree = "<group>";
			versionGroupType = wrapper.xcdatamodel;
		};
/* End XCVersionGroup section */
	};
	rootObject = 5525BE1A262B24E0002F7A25 /* Project object */;
}
